// !$*UTF8*$!
{
	archiveVersion = 1;
	classes = {
	};
	objectVersion = 56;
	objects = {

/* Begin PBXBuildFile section */
		297DF1D629B0101400C5928D /* AppDelegate.swift in Sources */ = {isa = PBXBuildFile; fileRef = 297DF1D529B0101400C5928D /* AppDelegate.swift */; };
		297DF1D829B0101400C5928D /* SceneDelegate.swift in Sources */ = {isa = PBXBuildFile; fileRef = 297DF1D729B0101400C5928D /* SceneDelegate.swift */; };
		297DF1DA29B0101400C5928D /* ViewController.swift in Sources */ = {isa = PBXBuildFile; fileRef = 297DF1D929B0101400C5928D /* ViewController.swift */; };
		297DF1DD29B0101400C5928D /* Main.storyboard in Resources */ = {isa = PBXBuildFile; fileRef = 297DF1DB29B0101400C5928D /* Main.storyboard */; };
		297DF1DF29B0101600C5928D /* Assets.xcassets in Resources */ = {isa = PBXBuildFile; fileRef = 297DF1DE29B0101600C5928D /* Assets.xcassets */; };
		297DF1E229B0101600C5928D /* LaunchScreen.storyboard in Resources */ = {isa = PBXBuildFile; fileRef = 297DF1E029B0101600C5928D /* LaunchScreen.storyboard */; };
		299E053529B11E7700DC435B /* DrawingView.swift in Sources */ = {isa = PBXBuildFile; fileRef = 299E053429B11E7700DC435B /* DrawingView.swift */; };
		A07988DD29B27C9200FFF1D4 /* picture3.JPG in Resources */ = {isa = PBXBuildFile; fileRef = A07988D729B27C9100FFF1D4 /* picture3.JPG */; };
		A0BEC63D29B2C181005104EC /* fullimage-1-3.png in Resources */ = {isa = PBXBuildFile; fileRef = A0BEC62929B2C180005104EC /* fullimage-1-3.png */; };
		A0BEC63E29B2C181005104EC /* fullimage-3-2.png in Resources */ = {isa = PBXBuildFile; fileRef = A0BEC62A29B2C180005104EC /* fullimage-3-2.png */; };
		A0BEC63F29B2C181005104EC /* fullimage-3-3.png in Resources */ = {isa = PBXBuildFile; fileRef = A0BEC62B29B2C180005104EC /* fullimage-3-3.png */; };
		A0BEC64029B2C181005104EC /* fullimage.jpg in Resources */ = {isa = PBXBuildFile; fileRef = A0BEC62C29B2C180005104EC /* fullimage.jpg */; };
		A0BEC64129B2C181005104EC /* fullimage-2-4.png in Resources */ = {isa = PBXBuildFile; fileRef = A0BEC62D29B2C180005104EC /* fullimage-2-4.png */; };
		A0BEC64229B2C181005104EC /* fullimage-3-4.png in Resources */ = {isa = PBXBuildFile; fileRef = A0BEC62E29B2C181005104EC /* fullimage-3-4.png */; };
		A0BEC64329B2C181005104EC /* fullimage-1-2.png in Resources */ = {isa = PBXBuildFile; fileRef = A0BEC62F29B2C181005104EC /* fullimage-1-2.png */; };
		A0BEC64429B2C181005104EC /* fullimage-0-2.png in Resources */ = {isa = PBXBuildFile; fileRef = A0BEC63029B2C181005104EC /* fullimage-0-2.png */; };
		A0BEC64529B2C181005104EC /* fullimage-2-1.png in Resources */ = {isa = PBXBuildFile; fileRef = A0BEC63129B2C181005104EC /* fullimage-2-1.png */; };
		A0BEC64629B2C181005104EC /* fullimage-0-4.png in Resources */ = {isa = PBXBuildFile; fileRef = A0BEC63229B2C181005104EC /* fullimage-0-4.png */; };
		A0BEC64729B2C181005104EC /* fullimage-0-3.png in Resources */ = {isa = PBXBuildFile; fileRef = A0BEC63329B2C181005104EC /* fullimage-0-3.png */; };
		A0BEC64829B2C181005104EC /* fullimage-0-1.png in Resources */ = {isa = PBXBuildFile; fileRef = A0BEC63429B2C181005104EC /* fullimage-0-1.png */; };
		A0BEC64929B2C181005104EC /* fullimage-2-0.png in Resources */ = {isa = PBXBuildFile; fileRef = A0BEC63529B2C181005104EC /* fullimage-2-0.png */; };
		A0BEC64A29B2C181005104EC /* fullimage-1-1.png in Resources */ = {isa = PBXBuildFile; fileRef = A0BEC63629B2C181005104EC /* fullimage-1-1.png */; };
		A0BEC64B29B2C181005104EC /* fullimage-2-2.png in Resources */ = {isa = PBXBuildFile; fileRef = A0BEC63729B2C181005104EC /* fullimage-2-2.png */; };
		A0BEC64C29B2C181005104EC /* fullimage-1-0.png in Resources */ = {isa = PBXBuildFile; fileRef = A0BEC63829B2C181005104EC /* fullimage-1-0.png */; };
		A0BEC64D29B2C181005104EC /* fullimage-2-3.png in Resources */ = {isa = PBXBuildFile; fileRef = A0BEC63929B2C181005104EC /* fullimage-2-3.png */; };
		A0BEC64E29B2C181005104EC /* fullimage-3-0.png in Resources */ = {isa = PBXBuildFile; fileRef = A0BEC63A29B2C181005104EC /* fullimage-3-0.png */; };
		A0BEC64F29B2C181005104EC /* fullimage-3-1.png in Resources */ = {isa = PBXBuildFile; fileRef = A0BEC63B29B2C181005104EC /* fullimage-3-1.png */; };
		A0BEC65029B2C181005104EC /* fullimage-1-4.png in Resources */ = {isa = PBXBuildFile; fileRef = A0BEC63C29B2C181005104EC /* fullimage-1-4.png */; };
/* End PBXBuildFile section */

/* Begin PBXFileReference section */
		297DF1D229B0101400C5928D /* Ind02_Cunningham_Will.app */ = {isa = PBXFileReference; explicitFileType = wrapper.application; includeInIndex = 0; path = Ind02_Cunningham_Will.app; sourceTree = BUILT_PRODUCTS_DIR; };
		297DF1D529B0101400C5928D /* AppDelegate.swift */ = {isa = PBXFileReference; lastKnownFileType = sourcecode.swift; path = AppDelegate.swift; sourceTree = "<group>"; };
		297DF1D729B0101400C5928D /* SceneDelegate.swift */ = {isa = PBXFileReference; lastKnownFileType = sourcecode.swift; path = SceneDelegate.swift; sourceTree = "<group>"; };
		297DF1D929B0101400C5928D /* ViewController.swift */ = {isa = PBXFileReference; lastKnownFileType = sourcecode.swift; path = ViewController.swift; sourceTree = "<group>"; };
		297DF1DC29B0101400C5928D /* Base */ = {isa = PBXFileReference; lastKnownFileType = file.storyboard; name = Base; path = Base.lproj/Main.storyboard; sourceTree = "<group>"; };
		297DF1DE29B0101600C5928D /* Assets.xcassets */ = {isa = PBXFileReference; lastKnownFileType = folder.assetcatalog; path = Assets.xcassets; sourceTree = "<group>"; };
		297DF1E129B0101600C5928D /* Base */ = {isa = PBXFileReference; lastKnownFileType = file.storyboard; name = Base; path = Base.lproj/LaunchScreen.storyboard; sourceTree = "<group>"; };
		297DF1E329B0101600C5928D /* Info.plist */ = {isa = PBXFileReference; lastKnownFileType = text.plist.xml; path = Info.plist; sourceTree = "<group>"; };
		299E053429B11E7700DC435B /* DrawingView.swift */ = {isa = PBXFileReference; lastKnownFileType = sourcecode.swift; path = DrawingView.swift; sourceTree = SOURCE_ROOT; };
		A07988D729B27C9100FFF1D4 /* picture3.JPG */ = {isa = PBXFileReference; lastKnownFileType = image.jpeg; name = picture3.JPG; path = ../../../../Downloads/picture3.JPG; sourceTree = "<group>"; };
		A0BEC62929B2C180005104EC /* fullimage-1-3.png */ = {isa = PBXFileReference; lastKnownFileType = image.png; name = "fullimage-1-3.png"; path = "../../../../Downloads/OneDrive-2023-03-03/fullimage-1-3.png"; sourceTree = "<group>"; };
		A0BEC62A29B2C180005104EC /* fullimage-3-2.png */ = {isa = PBXFileReference; lastKnownFileType = image.png; name = "fullimage-3-2.png"; path = "../../../../Downloads/OneDrive-2023-03-03/fullimage-3-2.png"; sourceTree = "<group>"; };
		A0BEC62B29B2C180005104EC /* fullimage-3-3.png */ = {isa = PBXFileReference; lastKnownFileType = image.png; name = "fullimage-3-3.png"; path = "../../../../Downloads/OneDrive-2023-03-03/fullimage-3-3.png"; sourceTree = "<group>"; };
		A0BEC62C29B2C180005104EC /* fullimage.jpg */ = {isa = PBXFileReference; lastKnownFileType = image.jpeg; name = fullimage.jpg; path = "../../../../Downloads/OneDrive-2023-03-03/fullimage.jpg"; sourceTree = "<group>"; };
		A0BEC62D29B2C180005104EC /* fullimage-2-4.png */ = {isa = PBXFileReference; lastKnownFileType = image.png; name = "fullimage-2-4.png"; path = "../../../../Downloads/OneDrive-2023-03-03/fullimage-2-4.png"; sourceTree = "<group>"; };
		A0BEC62E29B2C181005104EC /* fullimage-3-4.png */ = {isa = PBXFileReference; lastKnownFileType = image.png; name = "fullimage-3-4.png"; path = "../../../../Downloads/OneDrive-2023-03-03/fullimage-3-4.png"; sourceTree = "<group>"; };
		A0BEC62F29B2C181005104EC /* fullimage-1-2.png */ = {isa = PBXFileReference; lastKnownFileType = image.png; name = "fullimage-1-2.png"; path = "../../../../Downloads/OneDrive-2023-03-03/fullimage-1-2.png"; sourceTree = "<group>"; };
		A0BEC63029B2C181005104EC /* fullimage-0-2.png */ = {isa = PBXFileReference; lastKnownFileType = image.png; name = "fullimage-0-2.png"; path = "../../../../Downloads/OneDrive-2023-03-03/fullimage-0-2.png"; sourceTree = "<group>"; };
		A0BEC63129B2C181005104EC /* fullimage-2-1.png */ = {isa = PBXFileReference; lastKnownFileType = image.png; name = "fullimage-2-1.png"; path = "../../../../Downloads/OneDrive-2023-03-03/fullimage-2-1.png"; sourceTree = "<group>"; };
		A0BEC63229B2C181005104EC /* fullimage-0-4.png */ = {isa = PBXFileReference; lastKnownFileType = image.png; name = "fullimage-0-4.png"; path = "../../../../Downloads/OneDrive-2023-03-03/fullimage-0-4.png"; sourceTree = "<group>"; };
		A0BEC63329B2C181005104EC /* fullimage-0-3.png */ = {isa = PBXFileReference; lastKnownFileType = image.png; name = "fullimage-0-3.png"; path = "../../../../Downloads/OneDrive-2023-03-03/fullimage-0-3.png"; sourceTree = "<group>"; };
		A0BEC63429B2C181005104EC /* fullimage-0-1.png */ = {isa = PBXFileReference; lastKnownFileType = image.png; name = "fullimage-0-1.png"; path = "../../../../Downloads/OneDrive-2023-03-03/fullimage-0-1.png"; sourceTree = "<group>"; };
		A0BEC63529B2C181005104EC /* fullimage-2-0.png */ = {isa = PBXFileReference; lastKnownFileType = image.png; name = "fullimage-2-0.png"; path = "../../../../Downloads/OneDrive-2023-03-03/fullimage-2-0.png"; sourceTree = "<group>"; };
		A0BEC63629B2C181005104EC /* fullimage-1-1.png */ = {isa = PBXFileReference; lastKnownFileType = image.png; name = "fullimage-1-1.png"; path = "../../../../Downloads/OneDrive-2023-03-03/fullimage-1-1.png"; sourceTree = "<group>"; };
		A0BEC63729B2C181005104EC /* fullimage-2-2.png */ = {isa = PBXFileReference; lastKnownFileType = image.png; name = "fullimage-2-2.png"; path = "../../../../Downloads/OneDrive-2023-03-03/fullimage-2-2.png"; sourceTree = "<group>"; };
		A0BEC63829B2C181005104EC /* fullimage-1-0.png */ = {isa = PBXFileReference; lastKnownFileType = image.png; name = "fullimage-1-0.png"; path = "../../../../Downloads/OneDrive-2023-03-03/fullimage-1-0.png"; sourceTree = "<group>"; };
		A0BEC63929B2C181005104EC /* fullimage-2-3.png */ = {isa = PBXFileReference; lastKnownFileType = image.png; name = "fullimage-2-3.png"; path = "../../../../Downloads/OneDrive-2023-03-03/fullimage-2-3.png"; sourceTree = "<group>"; };
		A0BEC63A29B2C181005104EC /* fullimage-3-0.png */ = {isa = PBXFileReference; lastKnownFileType = image.png; name = "fullimage-3-0.png"; path = "../../../../Downloads/OneDrive-2023-03-03/fullimage-3-0.png"; sourceTree = "<group>"; };
		A0BEC63B29B2C181005104EC /* fullimage-3-1.png */ = {isa = PBXFileReference; lastKnownFileType = image.png; name = "fullimage-3-1.png"; path = "../../../../Downloads/OneDrive-2023-03-03/fullimage-3-1.png"; sourceTree = "<group>"; };
		A0BEC63C29B2C181005104EC /* fullimage-1-4.png */ = {isa = PBXFileReference; lastKnownFileType = image.png; name = "fullimage-1-4.png"; path = "../../../../Downloads/OneDrive-2023-03-03/fullimage-1-4.png"; sourceTree = "<group>"; };
/* End PBXFileReference section */

/* Begin PBXFrameworksBuildPhase section */
		297DF1CF29B0101400C5928D /* Frameworks */ = {
			isa = PBXFrameworksBuildPhase;
			buildActionMask = 2147483647;
			files = (
			);
			runOnlyForDeploymentPostprocessing = 0;
		};
/* End PBXFrameworksBuildPhase section */

/* Begin PBXGroup section */
		297DF1C929B0101400C5928D = {
			isa = PBXGroup;
			children = (
				297DF1D429B0101400C5928D /* Ind02_Cunningham_Will */,
				297DF1D329B0101400C5928D /* Products */,
			);
			sourceTree = "<group>";
		};
		297DF1D329B0101400C5928D /* Products */ = {
			isa = PBXGroup;
			children = (
				297DF1D229B0101400C5928D /* Ind02_Cunningham_Will.app */,
			);
			name = Products;
			sourceTree = "<group>";
		};
		297DF1D429B0101400C5928D /* Ind02_Cunningham_Will */ = {
			isa = PBXGroup;
			children = (
				299E053429B11E7700DC435B /* DrawingView.swift */,
				297DF20F29B0120B00C5928D /* images */,
				297DF1D529B0101400C5928D /* AppDelegate.swift */,
				297DF1D729B0101400C5928D /* SceneDelegate.swift */,
				297DF1D929B0101400C5928D /* ViewController.swift */,
				297DF1DB29B0101400C5928D /* Main.storyboard */,
				297DF1DE29B0101600C5928D /* Assets.xcassets */,
				297DF1E029B0101600C5928D /* LaunchScreen.storyboard */,
				297DF1E329B0101600C5928D /* Info.plist */,
			);
			path = Ind02_Cunningham_Will;
			sourceTree = "<group>";
		};
		297DF20F29B0120B00C5928D /* images */ = {
			isa = PBXGroup;
			children = (
				A07988D729B27C9100FFF1D4 /* picture3.JPG */,
				A0BEC63429B2C181005104EC /* fullimage-0-1.png */,
				A0BEC63029B2C181005104EC /* fullimage-0-2.png */,
				A0BEC63329B2C181005104EC /* fullimage-0-3.png */,
				A0BEC63229B2C181005104EC /* fullimage-0-4.png */,
				A0BEC63829B2C181005104EC /* fullimage-1-0.png */,
				A0BEC63629B2C181005104EC /* fullimage-1-1.png */,
				A0BEC62F29B2C181005104EC /* fullimage-1-2.png */,
				A0BEC62929B2C180005104EC /* fullimage-1-3.png */,
				A0BEC63C29B2C181005104EC /* fullimage-1-4.png */,
				A0BEC63529B2C181005104EC /* fullimage-2-0.png */,
				A0BEC63129B2C181005104EC /* fullimage-2-1.png */,
				A0BEC63729B2C181005104EC /* fullimage-2-2.png */,
				A0BEC63929B2C181005104EC /* fullimage-2-3.png */,
				A0BEC62D29B2C180005104EC /* fullimage-2-4.png */,
				A0BEC63A29B2C181005104EC /* fullimage-3-0.png */,
				A0BEC63B29B2C181005104EC /* fullimage-3-1.png */,
				A0BEC62A29B2C180005104EC /* fullimage-3-2.png */,
				A0BEC62B29B2C180005104EC /* fullimage-3-3.png */,
				A0BEC62E29B2C181005104EC /* fullimage-3-4.png */,
				A0BEC62C29B2C180005104EC /* fullimage.jpg */,
			);
			path = images;
			sourceTree = "<group>";
		};
/* End PBXGroup section */

/* Begin PBXNativeTarget section */
		297DF1D129B0101400C5928D /* Ind02_Cunningham_Will */ = {
			isa = PBXNativeTarget;
			buildConfigurationList = 297DF1E629B0101600C5928D /* Build configuration list for PBXNativeTarget "Ind02_Cunningham_Will" */;
			buildPhases = (
				297DF1CE29B0101400C5928D /* Sources */,
				297DF1CF29B0101400C5928D /* Frameworks */,
				297DF1D029B0101400C5928D /* Resources */,
			);
			buildRules = (
			);
			dependencies = (
			);
			name = Ind02_Cunningham_Will;
			productName = Ind02_Cunningham_Will;
			productReference = 297DF1D229B0101400C5928D /* Ind02_Cunningham_Will.app */;
			productType = "com.apple.product-type.application";
		};
/* End PBXNativeTarget section */

/* Begin PBXProject section */
		297DF1CA29B0101400C5928D /* Project object */ = {
			isa = PBXProject;
			attributes = {
				BuildIndependentTargetsInParallel = 1;
				LastSwiftUpdateCheck = 1420;
				LastUpgradeCheck = 1420;
				TargetAttributes = {
					297DF1D129B0101400C5928D = {
						CreatedOnToolsVersion = 14.2;
					};
				};
			};
			buildConfigurationList = 297DF1CD29B0101400C5928D /* Build configuration list for PBXProject "Ind02_Cunningham_Will" */;
			compatibilityVersion = "Xcode 14.0";
			developmentRegion = en;
			hasScannedForEncodings = 0;
			knownRegions = (
				en,
				Base,
			);
			mainGroup = 297DF1C929B0101400C5928D;
			productRefGroup = 297DF1D329B0101400C5928D /* Products */;
			projectDirPath = "";
			projectRoot = "";
			targets = (
				297DF1D129B0101400C5928D /* Ind02_Cunningham_Will */,
			);
		};
/* End PBXProject section */

/* Begin PBXResourcesBuildPhase section */
		297DF1D029B0101400C5928D /* Resources */ = {
			isa = PBXResourcesBuildPhase;
			buildActionMask = 2147483647;
			files = (
				A0BEC64C29B2C181005104EC /* fullimage-1-0.png in Resources */,
				A0BEC64129B2C181005104EC /* fullimage-2-4.png in Resources */,
				A0BEC65029B2C181005104EC /* fullimage-1-4.png in Resources */,
				A0BEC64B29B2C181005104EC /* fullimage-2-2.png in Resources */,
				A0BEC64729B2C181005104EC /* fullimage-0-3.png in Resources */,
				A07988DD29B27C9200FFF1D4 /* picture3.JPG in Resources */,
				297DF1E229B0101600C5928D /* LaunchScreen.storyboard in Resources */,
				A0BEC64A29B2C181005104EC /* fullimage-1-1.png in Resources */,
				297DF1DF29B0101600C5928D /* Assets.xcassets in Resources */,
				A0BEC63F29B2C181005104EC /* fullimage-3-3.png in Resources */,
				A0BEC64F29B2C181005104EC /* fullimage-3-1.png in Resources */,
				A0BEC64D29B2C181005104EC /* fullimage-2-3.png in Resources */,
				A0BEC64E29B2C181005104EC /* fullimage-3-0.png in Resources */,
				A0BEC64029B2C181005104EC /* fullimage.jpg in Resources */,
				A0BEC64429B2C181005104EC /* fullimage-0-2.png in Resources */,
				A0BEC64629B2C181005104EC /* fullimage-0-4.png in Resources */,
				A0BEC64929B2C181005104EC /* fullimage-2-0.png in Resources */,
				A0BEC64329B2C181005104EC /* fullimage-1-2.png in Resources */,
				A0BEC63D29B2C181005104EC /* fullimage-1-3.png in Resources */,
				A0BEC64529B2C181005104EC /* fullimage-2-1.png in Resources */,
				A0BEC64229B2C181005104EC /* fullimage-3-4.png in Resources */,
				297DF1DD29B0101400C5928D /* Main.storyboard in Resources */,
				A0BEC64829B2C181005104EC /* fullimage-0-1.png in Resources */,
				A0BEC63E29B2C181005104EC /* fullimage-3-2.png in Resources */,
			);
			runOnlyForDeploymentPostprocessing = 0;
		};
/* End PBXResourcesBuildPhase section */

/* Begin PBXSourcesBuildPhase section */
		297DF1CE29B0101400C5928D /* Sources */ = {
			isa = PBXSourcesBuildPhase;
			buildActionMask = 2147483647;
			files = (
				297DF1DA29B0101400C5928D /* ViewController.swift in Sources */,
				297DF1D629B0101400C5928D /* AppDelegate.swift in Sources */,
				297DF1D829B0101400C5928D /* SceneDelegate.swift in Sources */,
				299E053529B11E7700DC435B /* DrawingView.swift in Sources */,
			);
			runOnlyForDeploymentPostprocessing = 0;
		};
/* End PBXSourcesBuildPhase section */

/* Begin PBXVariantGroup section */
		297DF1DB29B0101400C5928D /* Main.storyboard */ = {
			isa = PBXVariantGroup;
			children = (
				297DF1DC29B0101400C5928D /* Base */,
			);
			name = Main.storyboard;
			sourceTree = "<group>";
		};
		297DF1E029B0101600C5928D /* LaunchScreen.storyboard */ = {
			isa = PBXVariantGroup;
			children = (
				297DF1E129B0101600C5928D /* Base */,
			);
			name = LaunchScreen.storyboard;
			sourceTree = "<group>";
		};
/* End PBXVariantGroup section */

/* Begin XCBuildConfiguration section */
		297DF1E429B0101600C5928D /* Debug */ = {
			isa = XCBuildConfiguration;
			buildSettings = {
				ALWAYS_SEARCH_USER_PATHS = NO;
				CLANG_ANALYZER_NONNULL = YES;
				CLANG_ANALYZER_NUMBER_OBJECT_CONVERSION = YES_AGGRESSIVE;
				CLANG_CXX_LANGUAGE_STANDARD = "gnu++20";
				CLANG_ENABLE_MODULES = YES;
				CLANG_ENABLE_OBJC_ARC = YES;
				CLANG_ENABLE_OBJC_WEAK = YES;
				CLANG_WARN_BLOCK_CAPTURE_AUTORELEASING = YES;
				CLANG_WARN_BOOL_CONVERSION = YES;
				CLANG_WARN_COMMA = YES;
				CLANG_WARN_CONSTANT_CONVERSION = YES;
				CLANG_WARN_DEPRECATED_OBJC_IMPLEMENTATIONS = YES;
				CLANG_WARN_DIRECT_OBJC_ISA_USAGE = YES_ERROR;
				CLANG_WARN_DOCUMENTATION_COMMENTS = YES;
				CLANG_WARN_EMPTY_BODY = YES;
				CLANG_WARN_ENUM_CONVERSION = YES;
				CLANG_WARN_INFINITE_RECURSION = YES;
				CLANG_WARN_INT_CONVERSION = YES;
				CLANG_WARN_NON_LITERAL_NULL_CONVERSION = YES;
				CLANG_WARN_OBJC_IMPLICIT_RETAIN_SELF = YES;
				CLANG_WARN_OBJC_LITERAL_CONVERSION = YES;
				CLANG_WARN_OBJC_ROOT_CLASS = YES_ERROR;
				CLANG_WARN_QUOTED_INCLUDE_IN_FRAMEWORK_HEADER = YES;
				CLANG_WARN_RANGE_LOOP_ANALYSIS = YES;
				CLANG_WARN_STRICT_PROTOTYPES = YES;
				CLANG_WARN_SUSPICIOUS_MOVE = YES;
				CLANG_WARN_UNGUARDED_AVAILABILITY = YES_AGGRESSIVE;
				CLANG_WARN_UNREACHABLE_CODE = YES;
				CLANG_WARN__DUPLICATE_METHOD_MATCH = YES;
				COPY_PHASE_STRIP = NO;
				DEBUG_INFORMATION_FORMAT = dwarf;
				ENABLE_STRICT_OBJC_MSGSEND = YES;
				ENABLE_TESTABILITY = YES;
				GCC_C_LANGUAGE_STANDARD = gnu11;
				GCC_DYNAMIC_NO_PIC = NO;
				GCC_NO_COMMON_BLOCKS = YES;
				GCC_OPTIMIZATION_LEVEL = 0;
				GCC_PREPROCESSOR_DEFINITIONS = (
					"DEBUG=1",
					"$(inherited)",
				);
				GCC_WARN_64_TO_32_BIT_CONVERSION = YES;
				GCC_WARN_ABOUT_RETURN_TYPE = YES_ERROR;
				GCC_WARN_UNDECLARED_SELECTOR = YES;
				GCC_WARN_UNINITIALIZED_AUTOS = YES_AGGRESSIVE;
				GCC_WARN_UNUSED_FUNCTION = YES;
				GCC_WARN_UNUSED_VARIABLE = YES;
				IPHONEOS_DEPLOYMENT_TARGET = 16.2;
				MTL_ENABLE_DEBUG_INFO = INCLUDE_SOURCE;
				MTL_FAST_MATH = YES;
				ONLY_ACTIVE_ARCH = YES;
				SDKROOT = iphoneos;
				SWIFT_ACTIVE_COMPILATION_CONDITIONS = DEBUG;
				SWIFT_OPTIMIZATION_LEVEL = "-Onone";
			};
			name = Debug;
		};
		297DF1E529B0101600C5928D /* Release */ = {
			isa = XCBuildConfiguration;
			buildSettings = {
				ALWAYS_SEARCH_USER_PATHS = NO;
				CLANG_ANALYZER_NONNULL = YES;
				CLANG_ANALYZER_NUMBER_OBJECT_CONVERSION = YES_AGGRESSIVE;
				CLANG_CXX_LANGUAGE_STANDARD = "gnu++20";
				CLANG_ENABLE_MODULES = YES;
				CLANG_ENABLE_OBJC_ARC = YES;
				CLANG_ENABLE_OBJC_WEAK = YES;
				CLANG_WARN_BLOCK_CAPTURE_AUTORELEASING = YES;
				CLANG_WARN_BOOL_CONVERSION = YES;
				CLANG_WARN_COMMA = YES;
				CLANG_WARN_CONSTANT_CONVERSION = YES;
				CLANG_WARN_DEPRECATED_OBJC_IMPLEMENTATIONS = YES;
				CLANG_WARN_DIRECT_OBJC_ISA_USAGE = YES_ERROR;
				CLANG_WARN_DOCUMENTATION_COMMENTS = YES;
				CLANG_WARN_EMPTY_BODY = YES;
				CLANG_WARN_ENUM_CONVERSION = YES;
				CLANG_WARN_INFINITE_RECURSION = YES;
				CLANG_WARN_INT_CONVERSION = YES;
				CLANG_WARN_NON_LITERAL_NULL_CONVERSION = YES;
				CLANG_WARN_OBJC_IMPLICIT_RETAIN_SELF = YES;
				CLANG_WARN_OBJC_LITERAL_CONVERSION = YES;
				CLANG_WARN_OBJC_ROOT_CLASS = YES_ERROR;
				CLANG_WARN_QUOTED_INCLUDE_IN_FRAMEWORK_HEADER = YES;
				CLANG_WARN_RANGE_LOOP_ANALYSIS = YES;
				CLANG_WARN_STRICT_PROTOTYPES = YES;
				CLANG_WARN_SUSPICIOUS_MOVE = YES;
				CLANG_WARN_UNGUARDED_AVAILABILITY = YES_AGGRESSIVE;
				CLANG_WARN_UNREACHABLE_CODE = YES;
				CLANG_WARN__DUPLICATE_METHOD_MATCH = YES;
				COPY_PHASE_STRIP = NO;
				DEBUG_INFORMATION_FORMAT = "dwarf-with-dsym";
				ENABLE_NS_ASSERTIONS = NO;
				ENABLE_STRICT_OBJC_MSGSEND = YES;
				GCC_C_LANGUAGE_STANDARD = gnu11;
				GCC_NO_COMMON_BLOCKS = YES;
				GCC_WARN_64_TO_32_BIT_CONVERSION = YES;
				GCC_WARN_ABOUT_RETURN_TYPE = YES_ERROR;
				GCC_WARN_UNDECLARED_SELECTOR = YES;
				GCC_WARN_UNINITIALIZED_AUTOS = YES_AGGRESSIVE;
				GCC_WARN_UNUSED_FUNCTION = YES;
				GCC_WARN_UNUSED_VARIABLE = YES;
				IPHONEOS_DEPLOYMENT_TARGET = 16.2;
				MTL_ENABLE_DEBUG_INFO = NO;
				MTL_FAST_MATH = YES;
				SDKROOT = iphoneos;
				SWIFT_COMPILATION_MODE = wholemodule;
				SWIFT_OPTIMIZATION_LEVEL = "-O";
				VALIDATE_PRODUCT = YES;
			};
			name = Release;
		};
		297DF1E729B0101600C5928D /* Debug */ = {
			isa = XCBuildConfiguration;
			buildSettings = {
				ASSETCATALOG_COMPILER_APPICON_NAME = AppIcon;
				ASSETCATALOG_COMPILER_GLOBAL_ACCENT_COLOR_NAME = AccentColor;
				CODE_SIGN_STYLE = Automatic;
				CURRENT_PROJECT_VERSION = 1;
				GENERATE_INFOPLIST_FILE = YES;
				INFOPLIST_FILE = Ind02_Cunningham_Will/Info.plist;
				INFOPLIST_KEY_UIApplicationSupportsIndirectInputEvents = YES;
				INFOPLIST_KEY_UILaunchStoryboardName = LaunchScreen;
				INFOPLIST_KEY_UIMainStoryboardFile = Main;
				INFOPLIST_KEY_UISupportedInterfaceOrientations_iPad = "UIInterfaceOrientationPortrait UIInterfaceOrientationPortraitUpsideDown UIInterfaceOrientationLandscapeLeft UIInterfaceOrientationLandscapeRight";
				INFOPLIST_KEY_UISupportedInterfaceOrientations_iPhone = "UIInterfaceOrientationPortrait UIInterfaceOrientationLandscapeLeft UIInterfaceOrientationLandscapeRight";
				LD_RUNPATH_SEARCH_PATHS = (
					"$(inherited)",
					"@executable_path/Frameworks",
				);
				MARKETING_VERSION = 1.0;
				PRODUCT_BUNDLE_IDENTIFIER = "edu.okstate.computerscience.bem.Ind02-Cunningham-Will";
				PRODUCT_NAME = "$(TARGET_NAME)";
				SWIFT_EMIT_LOC_STRINGS = YES;
				SWIFT_VERSION = 5.0;
				TARGETED_DEVICE_FAMILY = 1;
			};
			name = Debug;
		};
		297DF1E829B0101600C5928D /* Release */ = {
			isa = XCBuildConfiguration;
			buildSettings = {
				ASSETCATALOG_COMPILER_APPICON_NAME = AppIcon;
				ASSETCATALOG_COMPILER_GLOBAL_ACCENT_COLOR_NAME = AccentColor;
				CODE_SIGN_STYLE = Automatic;
				CURRENT_PROJECT_VERSION = 1;
				GENERATE_INFOPLIST_FILE = YES;
				INFOPLIST_FILE = Ind02_Cunningham_Will/Info.plist;
				INFOPLIST_KEY_UIApplicationSupportsIndirectInputEvents = YES;
				INFOPLIST_KEY_UILaunchStoryboardName = LaunchScreen;
				INFOPLIST_KEY_UIMainStoryboardFile = Main;
				INFOPLIST_KEY_UISupportedInterfaceOrientations_iPad = "UIInterfaceOrientationPortrait UIInterfaceOrientationPortraitUpsideDown UIInterfaceOrientationLandscapeLeft UIInterfaceOrientationLandscapeRight";
				INFOPLIST_KEY_UISupportedInterfaceOrientations_iPhone = "UIInterfaceOrientationPortrait UIInterfaceOrientationLandscapeLeft UIInterfaceOrientationLandscapeRight";
				LD_RUNPATH_SEARCH_PATHS = (
					"$(inherited)",
					"@executable_path/Frameworks",
				);
				MARKETING_VERSION = 1.0;
				PRODUCT_BUNDLE_IDENTIFIER = "edu.okstate.computerscience.bem.Ind02-Cunningham-Will";
				PRODUCT_NAME = "$(TARGET_NAME)";
				SWIFT_EMIT_LOC_STRINGS = YES;
				SWIFT_VERSION = 5.0;
				TARGETED_DEVICE_FAMILY = 1;
			};
			name = Release;
		};
/* End XCBuildConfiguration section */

/* Begin XCConfigurationList section */
		297DF1CD29B0101400C5928D /* Build configuration list for PBXProject "Ind02_Cunningham_Will" */ = {
			isa = XCConfigurationList;
			buildConfigurations = (
				297DF1E429B0101600C5928D /* Debug */,
				297DF1E529B0101600C5928D /* Release */,
			);
			defaultConfigurationIsVisible = 0;
			defaultConfigurationName = Release;
		};
		297DF1E629B0101600C5928D /* Build configuration list for PBXNativeTarget "Ind02_Cunningham_Will" */ = {
			isa = XCConfigurationList;
			buildConfigurations = (
				297DF1E729B0101600C5928D /* Debug */,
				297DF1E829B0101600C5928D /* Release */,
			);
			defaultConfigurationIsVisible = 0;
			defaultConfigurationName = Release;
		};
/* End XCConfigurationList section */
	};
	rootObject = 297DF1CA29B0101400C5928D /* Project object */;
}
