// !$*UTF8*$!
{
	archiveVersion = 1;
	classes = {
	};
	objectVersion = 56;
	objects = {

/* Begin PBXBuildFile section */
		297DF1D629B0101400C5928D /* AppDelegate.swift in Sources */ = {isa = PBXBuildFile; fileRef = 297DF1D529B0101400C5928D /* AppDelegate.swift */; };
		297DF1D829B0101400C5928D /* SceneDelegate.swift in Sources */ = {isa = PBXBuildFile; fileRef = 297DF1D729B0101400C5928D /* SceneDelegate.swift */; };
		297DF1DA29B0101400C5928D /* ViewController.swift in Sources */ = {isa = PBXBuildFile; fileRef = 297DF1D929B0101400C5928D /* ViewController.swift */; };
		297DF1DD29B0101400C5928D /* Main.storyboard in Resources */ = {isa = PBXBuildFile; fileRef = 297DF1DB29B0101400C5928D /* Main.storyboard */; };
		297DF1DF29B0101600C5928D /* Assets.xcassets in Resources */ = {isa = PBXBuildFile; fileRef = 297DF1DE29B0101600C5928D /* Assets.xcassets */; };
		297DF1E229B0101600C5928D /* LaunchScreen.storyboard in Resources */ = {isa = PBXBuildFile; fileRef = 297DF1E029B0101600C5928D /* LaunchScreen.storyboard */; };
		299E053529B11E7700DC435B /* DrawingView.swift in Sources */ = {isa = PBXBuildFile; fileRef = 299E053429B11E7700DC435B /* DrawingView.swift */; };
		299E053929B17AFF00DC435B /* picture7.png in Resources */ = {isa = PBXBuildFile; fileRef = 299E053829B17AFF00DC435B /* picture7.png */; };
		299E053B29B17B0B00DC435B /* picture1.png in Resources */ = {isa = PBXBuildFile; fileRef = 299E053A29B17B0B00DC435B /* picture1.png */; };
		299E054E29B17B1B00DC435B /* picture19.jpg in Resources */ = {isa = PBXBuildFile; fileRef = 299E053C29B17B1B00DC435B /* picture19.jpg */; };
		299E054F29B17B1B00DC435B /* picture5.jpg in Resources */ = {isa = PBXBuildFile; fileRef = 299E053D29B17B1B00DC435B /* picture5.jpg */; };
		299E055029B17B1B00DC435B /* picture11.jpg in Resources */ = {isa = PBXBuildFile; fileRef = 299E053E29B17B1B00DC435B /* picture11.jpg */; };
		299E055129B17B1B00DC435B /* picture8.jpg in Resources */ = {isa = PBXBuildFile; fileRef = 299E053F29B17B1B00DC435B /* picture8.jpg */; };
		299E055229B17B1B00DC435B /* picture2.jpg in Resources */ = {isa = PBXBuildFile; fileRef = 299E054029B17B1B00DC435B /* picture2.jpg */; };
		299E055329B17B1B00DC435B /* picture12.jpg in Resources */ = {isa = PBXBuildFile; fileRef = 299E054129B17B1B00DC435B /* picture12.jpg */; };
		299E055429B17B1B00DC435B /* picture9.jpg in Resources */ = {isa = PBXBuildFile; fileRef = 299E054229B17B1B00DC435B /* picture9.jpg */; };
		299E055529B17B1B00DC435B /* picture3.jpg in Resources */ = {isa = PBXBuildFile; fileRef = 299E054329B17B1B00DC435B /* picture3.jpg */; };
		299E055629B17B1B00DC435B /* picture10.jpg in Resources */ = {isa = PBXBuildFile; fileRef = 299E054429B17B1B00DC435B /* picture10.jpg */; };
		299E055729B17B1B00DC435B /* picture15.jpg in Resources */ = {isa = PBXBuildFile; fileRef = 299E054529B17B1B00DC435B /* picture15.jpg */; };
		299E055829B17B1B00DC435B /* picture17.jpg in Resources */ = {isa = PBXBuildFile; fileRef = 299E054629B17B1B00DC435B /* picture17.jpg */; };
		299E055929B17B1B00DC435B /* picture18.jpg in Resources */ = {isa = PBXBuildFile; fileRef = 299E054729B17B1B00DC435B /* picture18.jpg */; };
		299E055A29B17B1B00DC435B /* picture4.jpg in Resources */ = {isa = PBXBuildFile; fileRef = 299E054829B17B1B00DC435B /* picture4.jpg */; };
		299E055B29B17B1B00DC435B /* picture14.jpg in Resources */ = {isa = PBXBuildFile; fileRef = 299E054929B17B1B00DC435B /* picture14.jpg */; };
		299E055C29B17B1B00DC435B /* picture13.jpg in Resources */ = {isa = PBXBuildFile; fileRef = 299E054A29B17B1B00DC435B /* picture13.jpg */; };
		299E055D29B17B1B00DC435B /* picture16.jpg in Resources */ = {isa = PBXBuildFile; fileRef = 299E054B29B17B1B00DC435B /* picture16.jpg */; };
		299E055E29B17B1B00DC435B /* picture6.jpg in Resources */ = {isa = PBXBuildFile; fileRef = 299E054C29B17B1B00DC435B /* picture6.jpg */; };
		299E055F29B17B1B00DC435B /* picture20.jpg in Resources */ = {isa = PBXBuildFile; fileRef = 299E054D29B17B1B00DC435B /* picture20.jpg */; };
/* End PBXBuildFile section */

/* Begin PBXFileReference section */
		297DF1D229B0101400C5928D /* Ind02_Cunningham_Will.app */ = {isa = PBXFileReference; explicitFileType = wrapper.application; includeInIndex = 0; path = Ind02_Cunningham_Will.app; sourceTree = BUILT_PRODUCTS_DIR; };
		297DF1D529B0101400C5928D /* AppDelegate.swift */ = {isa = PBXFileReference; lastKnownFileType = sourcecode.swift; path = AppDelegate.swift; sourceTree = "<group>"; };
		297DF1D729B0101400C5928D /* SceneDelegate.swift */ = {isa = PBXFileReference; lastKnownFileType = sourcecode.swift; path = SceneDelegate.swift; sourceTree = "<group>"; };
		297DF1D929B0101400C5928D /* ViewController.swift */ = {isa = PBXFileReference; lastKnownFileType = sourcecode.swift; path = ViewController.swift; sourceTree = "<group>"; };
		297DF1DC29B0101400C5928D /* Base */ = {isa = PBXFileReference; lastKnownFileType = file.storyboard; name = Base; path = Base.lproj/Main.storyboard; sourceTree = "<group>"; };
		297DF1DE29B0101600C5928D /* Assets.xcassets */ = {isa = PBXFileReference; lastKnownFileType = folder.assetcatalog; path = Assets.xcassets; sourceTree = "<group>"; };
		297DF1E129B0101600C5928D /* Base */ = {isa = PBXFileReference; lastKnownFileType = file.storyboard; name = Base; path = Base.lproj/LaunchScreen.storyboard; sourceTree = "<group>"; };
		297DF1E329B0101600C5928D /* Info.plist */ = {isa = PBXFileReference; lastKnownFileType = text.plist.xml; path = Info.plist; sourceTree = "<group>"; };
		299E053429B11E7700DC435B /* DrawingView.swift */ = {isa = PBXFileReference; lastKnownFileType = sourcecode.swift; path = DrawingView.swift; sourceTree = SOURCE_ROOT; };
		299E053829B17AFF00DC435B /* picture7.png */ = {isa = PBXFileReference; lastKnownFileType = image.png; name = picture7.png; path = ../../../picture7.png; sourceTree = "<group>"; };
		299E053A29B17B0B00DC435B /* picture1.png */ = {isa = PBXFileReference; lastKnownFileType = image.png; name = picture1.png; path = ../../../picture1.png; sourceTree = "<group>"; };
		299E053C29B17B1B00DC435B /* picture19.jpg */ = {isa = PBXFileReference; lastKnownFileType = image.jpeg; name = picture19.jpg; path = ../../../picture19.jpg; sourceTree = "<group>"; };
		299E053D29B17B1B00DC435B /* picture5.jpg */ = {isa = PBXFileReference; lastKnownFileType = image.jpeg; name = picture5.jpg; path = ../../../picture5.jpg; sourceTree = "<group>"; };
		299E053E29B17B1B00DC435B /* picture11.jpg */ = {isa = PBXFileReference; lastKnownFileType = image.jpeg; name = picture11.jpg; path = ../../../picture11.jpg; sourceTree = "<group>"; };
		299E053F29B17B1B00DC435B /* picture8.jpg */ = {isa = PBXFileReference; lastKnownFileType = image.jpeg; name = picture8.jpg; path = ../../../picture8.jpg; sourceTree = "<group>"; };
		299E054029B17B1B00DC435B /* picture2.jpg */ = {isa = PBXFileReference; lastKnownFileType = image.jpeg; name = picture2.jpg; path = ../../../picture2.jpg; sourceTree = "<group>"; };
		299E054129B17B1B00DC435B /* picture12.jpg */ = {isa = PBXFileReference; lastKnownFileType = image.jpeg; name = picture12.jpg; path = ../../../picture12.jpg; sourceTree = "<group>"; };
		299E054229B17B1B00DC435B /* picture9.jpg */ = {isa = PBXFileReference; lastKnownFileType = image.jpeg; name = picture9.jpg; path = ../../../picture9.jpg; sourceTree = "<group>"; };
		299E054329B17B1B00DC435B /* picture3.jpg */ = {isa = PBXFileReference; lastKnownFileType = image.jpeg; name = picture3.jpg; path = ../../../picture3.jpg; sourceTree = "<group>"; };
		299E054429B17B1B00DC435B /* picture10.jpg */ = {isa = PBXFileReference; lastKnownFileType = image.jpeg; name = picture10.jpg; path = ../../../picture10.jpg; sourceTree = "<group>"; };
		299E054529B17B1B00DC435B /* picture15.jpg */ = {isa = PBXFileReference; lastKnownFileType = image.jpeg; name = picture15.jpg; path = ../../../picture15.jpg; sourceTree = "<group>"; };
		299E054629B17B1B00DC435B /* picture17.jpg */ = {isa = PBXFileReference; lastKnownFileType = image.jpeg; name = picture17.jpg; path = ../../../picture17.jpg; sourceTree = "<group>"; };
		299E054729B17B1B00DC435B /* picture18.jpg */ = {isa = PBXFileReference; lastKnownFileType = image.jpeg; name = picture18.jpg; path = ../../../picture18.jpg; sourceTree = "<group>"; };
		299E054829B17B1B00DC435B /* picture4.jpg */ = {isa = PBXFileReference; lastKnownFileType = image.jpeg; name = picture4.jpg; path = ../../../picture4.jpg; sourceTree = "<group>"; };
		299E054929B17B1B00DC435B /* picture14.jpg */ = {isa = PBXFileReference; lastKnownFileType = image.jpeg; name = picture14.jpg; path = ../../../picture14.jpg; sourceTree = "<group>"; };
		299E054A29B17B1B00DC435B /* picture13.jpg */ = {isa = PBXFileReference; lastKnownFileType = image.jpeg; name = picture13.jpg; path = ../../../picture13.jpg; sourceTree = "<group>"; };
		299E054B29B17B1B00DC435B /* picture16.jpg */ = {isa = PBXFileReference; lastKnownFileType = image.jpeg; name = picture16.jpg; path = ../../../picture16.jpg; sourceTree = "<group>"; };
		299E054C29B17B1B00DC435B /* picture6.jpg */ = {isa = PBXFileReference; lastKnownFileType = image.jpeg; name = picture6.jpg; path = ../../../picture6.jpg; sourceTree = "<group>"; };
		299E054D29B17B1B00DC435B /* picture20.jpg */ = {isa = PBXFileReference; lastKnownFileType = image.jpeg; name = picture20.jpg; path = ../../../picture20.jpg; sourceTree = "<group>"; };
/* End PBXFileReference section */

/* Begin PBXFrameworksBuildPhase section */
		297DF1CF29B0101400C5928D /* Frameworks */ = {
			isa = PBXFrameworksBuildPhase;
			buildActionMask = 2147483647;
			files = (
			);
			runOnlyForDeploymentPostprocessing = 0;
		};
/* End PBXFrameworksBuildPhase section */

/* Begin PBXGroup section */
		297DF1C929B0101400C5928D = {
			isa = PBXGroup;
			children = (
				297DF1D429B0101400C5928D /* Ind02_Cunningham_Will */,
				297DF1D329B0101400C5928D /* Products */,
			);
			sourceTree = "<group>";
		};
		297DF1D329B0101400C5928D /* Products */ = {
			isa = PBXGroup;
			children = (
				297DF1D229B0101400C5928D /* Ind02_Cunningham_Will.app */,
			);
			name = Products;
			sourceTree = "<group>";
		};
		297DF1D429B0101400C5928D /* Ind02_Cunningham_Will */ = {
			isa = PBXGroup;
			children = (
				299E053429B11E7700DC435B /* DrawingView.swift */,
				297DF20F29B0120B00C5928D /* images */,
				297DF1D529B0101400C5928D /* AppDelegate.swift */,
				297DF1D729B0101400C5928D /* SceneDelegate.swift */,
				297DF1D929B0101400C5928D /* ViewController.swift */,
				297DF1DB29B0101400C5928D /* Main.storyboard */,
				297DF1DE29B0101600C5928D /* Assets.xcassets */,
				297DF1E029B0101600C5928D /* LaunchScreen.storyboard */,
				297DF1E329B0101600C5928D /* Info.plist */,
			);
			path = Ind02_Cunningham_Will;
			sourceTree = "<group>";
		};
		297DF20F29B0120B00C5928D /* images */ = {
			isa = PBXGroup;
			children = (
				299E053829B17AFF00DC435B /* picture7.png */,
				299E053A29B17B0B00DC435B /* picture1.png */,
				299E054029B17B1B00DC435B /* picture2.jpg */,
				299E054329B17B1B00DC435B /* picture3.jpg */,
				299E054829B17B1B00DC435B /* picture4.jpg */,
				299E053D29B17B1B00DC435B /* picture5.jpg */,
				299E054C29B17B1B00DC435B /* picture6.jpg */,
				299E053F29B17B1B00DC435B /* picture8.jpg */,
				299E054229B17B1B00DC435B /* picture9.jpg */,
				299E054429B17B1B00DC435B /* picture10.jpg */,
				299E053E29B17B1B00DC435B /* picture11.jpg */,
				299E054129B17B1B00DC435B /* picture12.jpg */,
				299E054A29B17B1B00DC435B /* picture13.jpg */,
				299E054929B17B1B00DC435B /* picture14.jpg */,
				299E054529B17B1B00DC435B /* picture15.jpg */,
				299E054B29B17B1B00DC435B /* picture16.jpg */,
				299E054629B17B1B00DC435B /* picture17.jpg */,
				299E054729B17B1B00DC435B /* picture18.jpg */,
				299E053C29B17B1B00DC435B /* picture19.jpg */,
				299E054D29B17B1B00DC435B /* picture20.jpg */,
			);
			path = images;
			sourceTree = "<group>";
		};
/* End PBXGroup section */

/* Begin PBXNativeTarget section */
		297DF1D129B0101400C5928D /* Ind02_Cunningham_Will */ = {
			isa = PBXNativeTarget;
			buildConfigurationList = 297DF1E629B0101600C5928D /* Build configuration list for PBXNativeTarget "Ind02_Cunningham_Will" */;
			buildPhases = (
				297DF1CE29B0101400C5928D /* Sources */,
				297DF1CF29B0101400C5928D /* Frameworks */,
				297DF1D029B0101400C5928D /* Resources */,
			);
			buildRules = (
			);
			dependencies = (
			);
			name = Ind02_Cunningham_Will;
			productName = Ind02_Cunningham_Will;
			productReference = 297DF1D229B0101400C5928D /* Ind02_Cunningham_Will.app */;
			productType = "com.apple.product-type.application";
		};
/* End PBXNativeTarget section */

/* Begin PBXProject section */
		297DF1CA29B0101400C5928D /* Project object */ = {
			isa = PBXProject;
			attributes = {
				BuildIndependentTargetsInParallel = 1;
				LastSwiftUpdateCheck = 1420;
				LastUpgradeCheck = 1420;
				TargetAttributes = {
					297DF1D129B0101400C5928D = {
						CreatedOnToolsVersion = 14.2;
					};
				};
			};
			buildConfigurationList = 297DF1CD29B0101400C5928D /* Build configuration list for PBXProject "Ind02_Cunningham_Will" */;
			compatibilityVersion = "Xcode 14.0";
			developmentRegion = en;
			hasScannedForEncodings = 0;
			knownRegions = (
				en,
				Base,
			);
			mainGroup = 297DF1C929B0101400C5928D;
			productRefGroup = 297DF1D329B0101400C5928D /* Products */;
			projectDirPath = "";
			projectRoot = "";
			targets = (
				297DF1D129B0101400C5928D /* Ind02_Cunningham_Will */,
			);
		};
/* End PBXProject section */

/* Begin PBXResourcesBuildPhase section */
		297DF1D029B0101400C5928D /* Resources */ = {
			isa = PBXResourcesBuildPhase;
			buildActionMask = 2147483647;
			files = (
				299E055829B17B1B00DC435B /* picture17.jpg in Resources */,
				299E055D29B17B1B00DC435B /* picture16.jpg in Resources */,
				299E055429B17B1B00DC435B /* picture9.jpg in Resources */,
				297DF1E229B0101600C5928D /* LaunchScreen.storyboard in Resources */,
				299E055F29B17B1B00DC435B /* picture20.jpg in Resources */,
				299E055A29B17B1B00DC435B /* picture4.jpg in Resources */,
				297DF1DF29B0101600C5928D /* Assets.xcassets in Resources */,
				299E055029B17B1B00DC435B /* picture11.jpg in Resources */,
				299E055329B17B1B00DC435B /* picture12.jpg in Resources */,
				299E055129B17B1B00DC435B /* picture8.jpg in Resources */,
				299E055929B17B1B00DC435B /* picture18.jpg in Resources */,
				299E055529B17B1B00DC435B /* picture3.jpg in Resources */,
				299E055729B17B1B00DC435B /* picture15.jpg in Resources */,
				299E055629B17B1B00DC435B /* picture10.jpg in Resources */,
				299E053929B17AFF00DC435B /* picture7.png in Resources */,
				297DF1DD29B0101400C5928D /* Main.storyboard in Resources */,
				299E054E29B17B1B00DC435B /* picture19.jpg in Resources */,
				299E054F29B17B1B00DC435B /* picture5.jpg in Resources */,
				299E055C29B17B1B00DC435B /* picture13.jpg in Resources */,
				299E055B29B17B1B00DC435B /* picture14.jpg in Resources */,
				299E055E29B17B1B00DC435B /* picture6.jpg in Resources */,
				299E053B29B17B0B00DC435B /* picture1.png in Resources */,
				299E055229B17B1B00DC435B /* picture2.jpg in Resources */,
			);
			runOnlyForDeploymentPostprocessing = 0;
		};
/* End PBXResourcesBuildPhase section */

/* Begin PBXSourcesBuildPhase section */
		297DF1CE29B0101400C5928D /* Sources */ = {
			isa = PBXSourcesBuildPhase;
			buildActionMask = 2147483647;
			files = (
				297DF1DA29B0101400C5928D /* ViewController.swift in Sources */,
				297DF1D629B0101400C5928D /* AppDelegate.swift in Sources */,
				297DF1D829B0101400C5928D /* SceneDelegate.swift in Sources */,
				299E053529B11E7700DC435B /* DrawingView.swift in Sources */,
			);
			runOnlyForDeploymentPostprocessing = 0;
		};
/* End PBXSourcesBuildPhase section */

/* Begin PBXVariantGroup section */
		297DF1DB29B0101400C5928D /* Main.storyboard */ = {
			isa = PBXVariantGroup;
			children = (
				297DF1DC29B0101400C5928D /* Base */,
			);
			name = Main.storyboard;
			sourceTree = "<group>";
		};
		297DF1E029B0101600C5928D /* LaunchScreen.storyboard */ = {
			isa = PBXVariantGroup;
			children = (
				297DF1E129B0101600C5928D /* Base */,
			);
			name = LaunchScreen.storyboard;
			sourceTree = "<group>";
		};
/* End PBXVariantGroup section */

/* Begin XCBuildConfiguration section */
		297DF1E429B0101600C5928D /* Debug */ = {
			isa = XCBuildConfiguration;
			buildSettings = {
				ALWAYS_SEARCH_USER_PATHS = NO;
				CLANG_ANALYZER_NONNULL = YES;
				CLANG_ANALYZER_NUMBER_OBJECT_CONVERSION = YES_AGGRESSIVE;
				CLANG_CXX_LANGUAGE_STANDARD = "gnu++20";
				CLANG_ENABLE_MODULES = YES;
				CLANG_ENABLE_OBJC_ARC = YES;
				CLANG_ENABLE_OBJC_WEAK = YES;
				CLANG_WARN_BLOCK_CAPTURE_AUTORELEASING = YES;
				CLANG_WARN_BOOL_CONVERSION = YES;
				CLANG_WARN_COMMA = YES;
				CLANG_WARN_CONSTANT_CONVERSION = YES;
				CLANG_WARN_DEPRECATED_OBJC_IMPLEMENTATIONS = YES;
				CLANG_WARN_DIRECT_OBJC_ISA_USAGE = YES_ERROR;
				CLANG_WARN_DOCUMENTATION_COMMENTS = YES;
				CLANG_WARN_EMPTY_BODY = YES;
				CLANG_WARN_ENUM_CONVERSION = YES;
				CLANG_WARN_INFINITE_RECURSION = YES;
				CLANG_WARN_INT_CONVERSION = YES;
				CLANG_WARN_NON_LITERAL_NULL_CONVERSION = YES;
				CLANG_WARN_OBJC_IMPLICIT_RETAIN_SELF = YES;
				CLANG_WARN_OBJC_LITERAL_CONVERSION = YES;
				CLANG_WARN_OBJC_ROOT_CLASS = YES_ERROR;
				CLANG_WARN_QUOTED_INCLUDE_IN_FRAMEWORK_HEADER = YES;
				CLANG_WARN_RANGE_LOOP_ANALYSIS = YES;
				CLANG_WARN_STRICT_PROTOTYPES = YES;
				CLANG_WARN_SUSPICIOUS_MOVE = YES;
				CLANG_WARN_UNGUARDED_AVAILABILITY = YES_AGGRESSIVE;
				CLANG_WARN_UNREACHABLE_CODE = YES;
				CLANG_WARN__DUPLICATE_METHOD_MATCH = YES;
				COPY_PHASE_STRIP = NO;
				DEBUG_INFORMATION_FORMAT = dwarf;
				ENABLE_STRICT_OBJC_MSGSEND = YES;
				ENABLE_TESTABILITY = YES;
				GCC_C_LANGUAGE_STANDARD = gnu11;
				GCC_DYNAMIC_NO_PIC = NO;
				GCC_NO_COMMON_BLOCKS = YES;
				GCC_OPTIMIZATION_LEVEL = 0;
				GCC_PREPROCESSOR_DEFINITIONS = (
					"DEBUG=1",
					"$(inherited)",
				);
				GCC_WARN_64_TO_32_BIT_CONVERSION = YES;
				GCC_WARN_ABOUT_RETURN_TYPE = YES_ERROR;
				GCC_WARN_UNDECLARED_SELECTOR = YES;
				GCC_WARN_UNINITIALIZED_AUTOS = YES_AGGRESSIVE;
				GCC_WARN_UNUSED_FUNCTION = YES;
				GCC_WARN_UNUSED_VARIABLE = YES;
				IPHONEOS_DEPLOYMENT_TARGET = 16.2;
				MTL_ENABLE_DEBUG_INFO = INCLUDE_SOURCE;
				MTL_FAST_MATH = YES;
				ONLY_ACTIVE_ARCH = YES;
				SDKROOT = iphoneos;
				SWIFT_ACTIVE_COMPILATION_CONDITIONS = DEBUG;
				SWIFT_OPTIMIZATION_LEVEL = "-Onone";
			};
			name = Debug;
		};
		297DF1E529B0101600C5928D /* Release */ = {
			isa = XCBuildConfiguration;
			buildSettings = {
				ALWAYS_SEARCH_USER_PATHS = NO;
				CLANG_ANALYZER_NONNULL = YES;
				CLANG_ANALYZER_NUMBER_OBJECT_CONVERSION = YES_AGGRESSIVE;
				CLANG_CXX_LANGUAGE_STANDARD = "gnu++20";
				CLANG_ENABLE_MODULES = YES;
				CLANG_ENABLE_OBJC_ARC = YES;
				CLANG_ENABLE_OBJC_WEAK = YES;
				CLANG_WARN_BLOCK_CAPTURE_AUTORELEASING = YES;
				CLANG_WARN_BOOL_CONVERSION = YES;
				CLANG_WARN_COMMA = YES;
				CLANG_WARN_CONSTANT_CONVERSION = YES;
				CLANG_WARN_DEPRECATED_OBJC_IMPLEMENTATIONS = YES;
				CLANG_WARN_DIRECT_OBJC_ISA_USAGE = YES_ERROR;
				CLANG_WARN_DOCUMENTATION_COMMENTS = YES;
				CLANG_WARN_EMPTY_BODY = YES;
				CLANG_WARN_ENUM_CONVERSION = YES;
				CLANG_WARN_INFINITE_RECURSION = YES;
				CLANG_WARN_INT_CONVERSION = YES;
				CLANG_WARN_NON_LITERAL_NULL_CONVERSION = YES;
				CLANG_WARN_OBJC_IMPLICIT_RETAIN_SELF = YES;
				CLANG_WARN_OBJC_LITERAL_CONVERSION = YES;
				CLANG_WARN_OBJC_ROOT_CLASS = YES_ERROR;
				CLANG_WARN_QUOTED_INCLUDE_IN_FRAMEWORK_HEADER = YES;
				CLANG_WARN_RANGE_LOOP_ANALYSIS = YES;
				CLANG_WARN_STRICT_PROTOTYPES = YES;
				CLANG_WARN_SUSPICIOUS_MOVE = YES;
				CLANG_WARN_UNGUARDED_AVAILABILITY = YES_AGGRESSIVE;
				CLANG_WARN_UNREACHABLE_CODE = YES;
				CLANG_WARN__DUPLICATE_METHOD_MATCH = YES;
				COPY_PHASE_STRIP = NO;
				DEBUG_INFORMATION_FORMAT = "dwarf-with-dsym";
				ENABLE_NS_ASSERTIONS = NO;
				ENABLE_STRICT_OBJC_MSGSEND = YES;
				GCC_C_LANGUAGE_STANDARD = gnu11;
				GCC_NO_COMMON_BLOCKS = YES;
				GCC_WARN_64_TO_32_BIT_CONVERSION = YES;
				GCC_WARN_ABOUT_RETURN_TYPE = YES_ERROR;
				GCC_WARN_UNDECLARED_SELECTOR = YES;
				GCC_WARN_UNINITIALIZED_AUTOS = YES_AGGRESSIVE;
				GCC_WARN_UNUSED_FUNCTION = YES;
				GCC_WARN_UNUSED_VARIABLE = YES;
				IPHONEOS_DEPLOYMENT_TARGET = 16.2;
				MTL_ENABLE_DEBUG_INFO = NO;
				MTL_FAST_MATH = YES;
				SDKROOT = iphoneos;
				SWIFT_COMPILATION_MODE = wholemodule;
				SWIFT_OPTIMIZATION_LEVEL = "-O";
				VALIDATE_PRODUCT = YES;
			};
			name = Release;
		};
		297DF1E729B0101600C5928D /* Debug */ = {
			isa = XCBuildConfiguration;
			buildSettings = {
				ASSETCATALOG_COMPILER_APPICON_NAME = AppIcon;
				ASSETCATALOG_COMPILER_GLOBAL_ACCENT_COLOR_NAME = AccentColor;
				CODE_SIGN_STYLE = Automatic;
				CURRENT_PROJECT_VERSION = 1;
				GENERATE_INFOPLIST_FILE = YES;
				INFOPLIST_FILE = Ind02_Cunningham_Will/Info.plist;
				INFOPLIST_KEY_UIApplicationSupportsIndirectInputEvents = YES;
				INFOPLIST_KEY_UILaunchStoryboardName = LaunchScreen;
				INFOPLIST_KEY_UIMainStoryboardFile = Main;
				INFOPLIST_KEY_UISupportedInterfaceOrientations_iPad = "UIInterfaceOrientationPortrait UIInterfaceOrientationPortraitUpsideDown UIInterfaceOrientationLandscapeLeft UIInterfaceOrientationLandscapeRight";
				INFOPLIST_KEY_UISupportedInterfaceOrientations_iPhone = "UIInterfaceOrientationPortrait UIInterfaceOrientationLandscapeLeft UIInterfaceOrientationLandscapeRight";
				LD_RUNPATH_SEARCH_PATHS = (
					"$(inherited)",
					"@executable_path/Frameworks",
				);
				MARKETING_VERSION = 1.0;
				PRODUCT_BUNDLE_IDENTIFIER = "edu.okstate.computerscience.bem.Ind02-Cunningham-Will";
				PRODUCT_NAME = "$(TARGET_NAME)";
				SWIFT_EMIT_LOC_STRINGS = YES;
				SWIFT_VERSION = 5.0;
				TARGETED_DEVICE_FAMILY = 1;
			};
			name = Debug;
		};
		297DF1E829B0101600C5928D /* Release */ = {
			isa = XCBuildConfiguration;
			buildSettings = {
				ASSETCATALOG_COMPILER_APPICON_NAME = AppIcon;
				ASSETCATALOG_COMPILER_GLOBAL_ACCENT_COLOR_NAME = AccentColor;
				CODE_SIGN_STYLE = Automatic;
				CURRENT_PROJECT_VERSION = 1;
				GENERATE_INFOPLIST_FILE = YES;
				INFOPLIST_FILE = Ind02_Cunningham_Will/Info.plist;
				INFOPLIST_KEY_UIApplicationSupportsIndirectInputEvents = YES;
				INFOPLIST_KEY_UILaunchStoryboardName = LaunchScreen;
				INFOPLIST_KEY_UIMainStoryboardFile = Main;
				INFOPLIST_KEY_UISupportedInterfaceOrientations_iPad = "UIInterfaceOrientationPortrait UIInterfaceOrientationPortraitUpsideDown UIInterfaceOrientationLandscapeLeft UIInterfaceOrientationLandscapeRight";
				INFOPLIST_KEY_UISupportedInterfaceOrientations_iPhone = "UIInterfaceOrientationPortrait UIInterfaceOrientationLandscapeLeft UIInterfaceOrientationLandscapeRight";
				LD_RUNPATH_SEARCH_PATHS = (
					"$(inherited)",
					"@executable_path/Frameworks",
				);
				MARKETING_VERSION = 1.0;
				PRODUCT_BUNDLE_IDENTIFIER = "edu.okstate.computerscience.bem.Ind02-Cunningham-Will";
				PRODUCT_NAME = "$(TARGET_NAME)";
				SWIFT_EMIT_LOC_STRINGS = YES;
				SWIFT_VERSION = 5.0;
				TARGETED_DEVICE_FAMILY = 1;
			};
			name = Release;
		};
/* End XCBuildConfiguration section */

/* Begin XCConfigurationList section */
		297DF1CD29B0101400C5928D /* Build configuration list for PBXProject "Ind02_Cunningham_Will" */ = {
			isa = XCConfigurationList;
			buildConfigurations = (
				297DF1E429B0101600C5928D /* Debug */,
				297DF1E529B0101600C5928D /* Release */,
			);
			defaultConfigurationIsVisible = 0;
			defaultConfigurationName = Release;
		};
		297DF1E629B0101600C5928D /* Build configuration list for PBXNativeTarget "Ind02_Cunningham_Will" */ = {
			isa = XCConfigurationList;
			buildConfigurations = (
				297DF1E729B0101600C5928D /* Debug */,
				297DF1E829B0101600C5928D /* Release */,
			);
			defaultConfigurationIsVisible = 0;
			defaultConfigurationName = Release;
		};
/* End XCConfigurationList section */
	};
	rootObject = 297DF1CA29B0101400C5928D /* Project object */;
}
